
Microsoft Visual Studio Solution File, Format Version 12.00
# Visual Studio Version 17
VisualStudioVersion = 17.5.002.0
MinimumVisualStudioVersion = 10.0.40219.1
Project("{9A19103F-16F7-4668-BE54-9A1E7A4F7556}") = "Project", "backend\Project.csproj", "{6C18AA70-A65E-419A-B426-974EDD3A490C}"
EndProject
Global
	GlobalSection(SolutionConfigurationPlatforms) = preSolution
		Debug|Any CPU = Debug|Any CPU
		Release|Any CPU = Release|Any CPU
	EndGlobalSection
	GlobalSection(ProjectConfigurationPlatforms) = postSolution
		{6C18AA70-A65E-419A-B426-974EDD3A490C}.Debug|Any CPU.ActiveCfg = Debug|Any CPU
		{6C18AA70-A65E-419A-B426-974EDD3A490C}.Debug|Any CPU.Build.0 = Debug|Any CPU
		{6C18AA70-A65E-419A-B426-974EDD3A490C}.Release|Any CPU.ActiveCfg = Release|Any CPU
		{6C18AA70-A65E-419A-B426-974EDD3A490C}.Release|Any CPU.Build.0 = Release|Any CPU
	EndGlobalSection
	GlobalSection(SolutionProperties) = preSolution
		HideSolutionNode = FALSE
	EndGlobalSection
	GlobalSection(ExtensibilityGlobals) = postSolution
		SolutionGuid = {95D8D98D-C2DE-4D81-A3D0-1FC64B2AD22D}
	EndGlobalSection
EndGlobal
